golang.org/x/text v0.15.0 h1:h1V/4gjBv8v9cjcR6+AR5+/cIYK5N/WAgiv4xlsEtAk=
golang.org/x/text v0.15.0/go.mod h1:18ZOQIKpY8NJVqYksKHtTdi31H5itFRjB5/qKTNYzSU=
golang.org/x/text v0.16.0 h1:a94ExnEXNtEwYLGJSIUxnWoxoRz/ZcCsV63ROupILh4=
golang.org/x/text v0.16.0/go.mod h1:GhwF1Be+LQoKShO3cGOHzqOgRrGaYc9AvblQOmPVHnI=
grow.graphics/gd v0.0.0-20240710064531-edc03e71dbe9 h1:xHDWtIrurs7XYLYWdfRm+HBgedcIGvGh/2A7NAvnHcM=
grow.graphics/gd v0.0.0-20240710064531-edc03e71dbe9/go.mod h1:H9uYnpIy5KYN3wnnDrWWu3pNwo+eSnwcBe3MG8dZUys=
grow.graphics/gd v0.0.0-20240712233837-825f292a30dc h1:FBMo+A6eS33ckwaC7LNxxA8pYOphac37BELLBh6TCok=
grow.graphics/gd v0.0.0-20240712233837-825f292a30dc/go.mod h1:2XqsIQrFPtQ2NemYzIK55+/Tzg89zwglWO/UwRhuQeE=
grow.graphics/rd v0.0.0-20240706100320-00baa9f2a15d h1:+pZ325kp76tdP6LaFZGbvvILzT0JEHTBsqWsGaDickw=
grow.graphics/rd v0.0.0-20240706100320-00baa9f2a15d/go.mod h1:LTLElyAX7gsYU8EPr4JW/CWIaEN6TuB6X4mcdkgV4ys=
grow.graphics/rd v0.0.0-20240706224352-a970c8ef87b1 h1:scpPde86cDlT1MoEGWVS89mF3pkCB8OmBqrYrjBq/qY=
grow.graphics/rd v0.0.0-20240706224352-a970c8ef87b1/go.mod h1:mHzrJaKIGRwkPyotn6ZYWlw+l3tNEMeJDIICCxFeMLg=
grow.graphics/uc v0.0.0-20240128001120-57fde712a2f4 h1:oCxs27eH3FW15+xGaAVsLSp6S9hbZL51sLoSGp5cqIk=
grow.graphics/uc v0.0.0-20240128001120-57fde712a2f4/go.mod h1:rNkUY9tOrmdnN9bjAJkmK8fKT0u6qftXOXitETbIlzo=
grow.graphics/xy v0.0.0-20240603021049-7427233fc3a9 h1:7DTN0CCvKzohFhaeb1vNC1XackvyL4u1UwQDBzQixJo=
grow.graphics/xy v0.0.0-20240603021049-7427233fc3a9/go.mod h1:JwNaWFtFaeSmvp34kveQhSGN8dNowvLlz55K/c9bs1E=
runtime.link v0.0.0-20240706100251-1b46cf7b6783 h1:qEDa6njRTmbyn+byX214X8rUgJrm+MPLzCLnQEflEiE=
runtime.link v0.0.0-20240706100251-1b46cf7b6783/go.mod h1:lV/Nllw9AHBUtQk69IfNc0ovSmd4AFFUt2W6Su3rDVQ=
runtime.link v0.0.0-20240806033715-807ff85dec9d h1:vHFpzPWMhLcrgjyWEOLTuYt7d0n6AhHOest+VWBdjBw=
runtime.link v0.0.0-20240806033715-807ff85dec9d/go.mod h1:/uYnCQF/lqkRLLSGKNtaDAJuc0sEKOH5ftxy7QKtODg=
