github.com/realdream-ai/mathf v0.0.0-20241205091834-a85cb2402a16 h1:V/zAuyQF0v6ng+UVwJi+qF0s+P/nEHb/lha3Uf86TQM=
github.com/realdream-ai/mathf v0.0.0-20241205091834-a85cb2402a16/go.mod h1:zCbLmeT7a+pH1sknxgdFLiha6xA3gezTtwbTuuNRJWE=
golang.org/x/image v0.23.0 h1:HseQ7c2OpPKTPVzNjG5fwJsOTCiiwS4QdsYi5XU6H68=
golang.org/x/image v0.23.0/go.mod h1:wJJBTdLfCCf3tiHa1fNxpZmUI4mmoZvwMCPP0ddoNKY=
